
Microsoft Visual Studio Solution File, Format Version 12.00
# Visual Studio Version 16
VisualStudioVersion = 16.0.34301.259
MinimumVisualStudioVersion = 10.0.40219.1
Project("{FAE04EC0-301F-11D3-BF4B-00C04F79EFBC}") = "ConverterVoxelToBlock", "ConverterVoxelToBlock\ConverterVoxelToBlock.csproj", "{A6588F2B-8CC7-4909-977E-D120E6382240}"
EndProject
Global
	GlobalSection(SolutionConfigurationPlatforms) = preSolution
		Debug|Any CPU = Debug|Any CPU
		Release|Any CPU = Release|Any CPU
	EndGlobalSection
	GlobalSection(ProjectConfigurationPlatforms) = postSolution
		{A6588F2B-8CC7-4909-977E-D120E6382240}.Debug|Any CPU.ActiveCfg = Debug|Any CPU
		{A6588F2B-8CC7-4909-977E-D120E6382240}.Debug|Any CPU.Build.0 = Debug|Any CPU
		{A6588F2B-8CC7-4909-977E-D120E6382240}.Release|Any CPU.ActiveCfg = Release|Any CPU
		{A6588F2B-8CC7-4909-977E-D120E6382240}.Release|Any CPU.Build.0 = Release|Any CPU
	EndGlobalSection
	GlobalSection(SolutionProperties) = preSolution
		HideSolutionNode = FALSE
	EndGlobalSection
	GlobalSection(ExtensibilityGlobals) = postSolution
		SolutionGuid = {7FBEF112-6CA5-434B-BAD4-AD944B7E95C7}
	EndGlobalSection
EndGlobal
